# THIS IS AN AUTOGENERATED FILE. DO NOT EDIT THIS FILE DIRECTLY.
# yarn lockfile v1


bencode@^2.0.2:
  version "2.0.2"
  resolved "https://registry.yarnpkg.com/bencode/-/bencode-2.0.2.tgz#e79305ed3e3ab89843cbedc9574fccc067fd3bfe"
  integrity sha512-0ilVjnE2diLdbec/3KN14SP0KE85wh8v/FceNRMbAB2ioc3yTj9tgqdoK9tFEH++TZ10JreTS29qTwg7+SpTiQ==
